// !$*UTF8*$!
{
	archiveVersion = 1;
	classes = {
	};
	objectVersion = 46;
	objects = {

/* Begin PBXBuildFile section */
		DABF60211EFC80D900AD5225 /* AppDelegate.swift in Sources */ = {isa = PBXBuildFile; fileRef = DABF60201EFC80D900AD5225 /* AppDelegate.swift */; };
		DABF60231EFC80D900AD5225 /* ViewController.swift in Sources */ = {isa = PBXBuildFile; fileRef = DABF60221EFC80D900AD5225 /* ViewController.swift */; };
		DABF60261EFC80D900AD5225 /* Main.storyboard in Resources */ = {isa = PBXBuildFile; fileRef = DABF60241EFC80D900AD5225 /* Main.storyboard */; };
		DABF60281EFC80D900AD5225 /* Assets.xcassets in Resources */ = {isa = PBXBuildFile; fileRef = DABF60271EFC80D900AD5225 /* Assets.xcassets */; };
		DABF602B1EFC80D900AD5225 /* LaunchScreen.storyboard in Resources */ = {isa = PBXBuildFile; fileRef = DABF60291EFC80D900AD5225 /* LaunchScreen.storyboard */; };
		DABF60361EFC80D900AD5225 /* rainyshinyTests.swift in Sources */ = {isa = PBXBuildFile; fileRef = DABF60351EFC80D900AD5225 /* rainyshinyTests.swift */; };
		DABF60411EFC80D900AD5225 /* rainyshinyUITests.swift in Sources */ = {isa = PBXBuildFile; fileRef = DABF60401EFC80D900AD5225 /* rainyshinyUITests.swift */; };
/* End PBXBuildFile section */

/* Begin PBXContainerItemProxy section */
		DABF60321EFC80D900AD5225 /* PBXContainerItemProxy */ = {
			isa = PBXContainerItemProxy;
			containerPortal = DABF60151EFC80D900AD5225 /* Project object */;
			proxyType = 1;
			remoteGlobalIDString = DABF601C1EFC80D900AD5225;
			remoteInfo = rainyshiny;
		};
		DABF603D1EFC80D900AD5225 /* PBXContainerItemProxy */ = {
			isa = PBXContainerItemProxy;
			containerPortal = DABF60151EFC80D900AD5225 /* Project object */;
			proxyType = 1;
			remoteGlobalIDString = DABF601C1EFC80D900AD5225;
			remoteInfo = rainyshiny;
		};
/* End PBXContainerItemProxy section */

/* Begin PBXFileReference section */
		DABF601D1EFC80D900AD5225 /* rainyshiny.app */ = {isa = PBXFileReference; explicitFileType = wrapper.application; includeInIndex = 0; path = rainyshiny.app; sourceTree = BUILT_PRODUCTS_DIR; };
		DABF60201EFC80D900AD5225 /* AppDelegate.swift */ = {isa = PBXFileReference; lastKnownFileType = sourcecode.swift; path = AppDelegate.swift; sourceTree = "<group>"; };
		DABF60221EFC80D900AD5225 /* ViewController.swift */ = {isa = PBXFileReference; lastKnownFileType = sourcecode.swift; path = ViewController.swift; sourceTree = "<group>"; };
		DABF60251EFC80D900AD5225 /* Base */ = {isa = PBXFileReference; lastKnownFileType = file.storyboard; name = Base; path = Base.lproj/Main.storyboard; sourceTree = "<group>"; };
		DABF60271EFC80D900AD5225 /* Assets.xcassets */ = {isa = PBXFileReference; lastKnownFileType = folder.assetcatalog; path = Assets.xcassets; sourceTree = "<group>"; };
		DABF602A1EFC80D900AD5225 /* Base */ = {isa = PBXFileReference; lastKnownFileType = file.storyboard; name = Base; path = Base.lproj/LaunchScreen.storyboard; sourceTree = "<group>"; };
		DABF602C1EFC80D900AD5225 /* Info.plist */ = {isa = PBXFileReference; lastKnownFileType = text.plist.xml; path = Info.plist; sourceTree = "<group>"; };
		DABF60311EFC80D900AD5225 /* rainyshinyTests.xctest */ = {isa = PBXFileReference; explicitFileType = wrapper.cfbundle; includeInIndex = 0; path = rainyshinyTests.xctest; sourceTree = BUILT_PRODUCTS_DIR; };
		DABF60351EFC80D900AD5225 /* rainyshinyTests.swift */ = {isa = PBXFileReference; lastKnownFileType = sourcecode.swift; path = rainyshinyTests.swift; sourceTree = "<group>"; };
		DABF60371EFC80D900AD5225 /* Info.plist */ = {isa = PBXFileReference; lastKnownFileType = text.plist.xml; path = Info.plist; sourceTree = "<group>"; };
		DABF603C1EFC80D900AD5225 /* rainyshinyUITests.xctest */ = {isa = PBXFileReference; explicitFileType = wrapper.cfbundle; includeInIndex = 0; path = rainyshinyUITests.xctest; sourceTree = BUILT_PRODUCTS_DIR; };
		DABF60401EFC80D900AD5225 /* rainyshinyUITests.swift */ = {isa = PBXFileReference; lastKnownFileType = sourcecode.swift; path = rainyshinyUITests.swift; sourceTree = "<group>"; };
		DABF60421EFC80D900AD5225 /* Info.plist */ = {isa = PBXFileReference; lastKnownFileType = text.plist.xml; path = Info.plist; sourceTree = "<group>"; };
/* End PBXFileReference section */

/* Begin PBXFrameworksBuildPhase section */
		DABF601A1EFC80D900AD5225 /* Frameworks */ = {
			isa = PBXFrameworksBuildPhase;
			buildActionMask = 2147483647;
			files = (
			);
			runOnlyForDeploymentPostprocessing = 0;
		};
		DABF602E1EFC80D900AD5225 /* Frameworks */ = {
			isa = PBXFrameworksBuildPhase;
			buildActionMask = 2147483647;
			files = (
			);
			runOnlyForDeploymentPostprocessing = 0;
		};
		DABF60391EFC80D900AD5225 /* Frameworks */ = {
			isa = PBXFrameworksBuildPhase;
			buildActionMask = 2147483647;
			files = (
			);
			runOnlyForDeploymentPostprocessing = 0;
		};
/* End PBXFrameworksBuildPhase section */

/* Begin PBXGroup section */
		DABF60141EFC80D900AD5225 = {
			isa = PBXGroup;
			children = (
				DABF601F1EFC80D900AD5225 /* rainyshiny */,
				DABF60341EFC80D900AD5225 /* rainyshinyTests */,
				DABF603F1EFC80D900AD5225 /* rainyshinyUITests */,
				DABF601E1EFC80D900AD5225 /* Products */,
			);
			sourceTree = "<group>";
		};
		DABF601E1EFC80D900AD5225 /* Products */ = {
			isa = PBXGroup;
			children = (
				DABF601D1EFC80D900AD5225 /* rainyshiny.app */,
				DABF60311EFC80D900AD5225 /* rainyshinyTests.xctest */,
				DABF603C1EFC80D900AD5225 /* rainyshinyUITests.xctest */,
			);
			name = Products;
			sourceTree = "<group>";
		};
		DABF601F1EFC80D900AD5225 /* rainyshiny */ = {
			isa = PBXGroup;
			children = (
				DABF60201EFC80D900AD5225 /* AppDelegate.swift */,
				DABF60221EFC80D900AD5225 /* ViewController.swift */,
				DABF60241EFC80D900AD5225 /* Main.storyboard */,
				DABF60271EFC80D900AD5225 /* Assets.xcassets */,
				DABF60291EFC80D900AD5225 /* LaunchScreen.storyboard */,
				DABF602C1EFC80D900AD5225 /* Info.plist */,
			);
			path = rainyshiny;
			sourceTree = "<group>";
		};
		DABF60341EFC80D900AD5225 /* rainyshinyTests */ = {
			isa = PBXGroup;
			children = (
				DABF60351EFC80D900AD5225 /* rainyshinyTests.swift */,
				DABF60371EFC80D900AD5225 /* Info.plist */,
			);
			path = rainyshinyTests;
			sourceTree = "<group>";
		};
		DABF603F1EFC80D900AD5225 /* rainyshinyUITests */ = {
			isa = PBXGroup;
			children = (
				DABF60401EFC80D900AD5225 /* rainyshinyUITests.swift */,
				DABF60421EFC80D900AD5225 /* Info.plist */,
			);
			path = rainyshinyUITests;
			sourceTree = "<group>";
		};
/* End PBXGroup section */

/* Begin PBXNativeTarget section */
		DABF601C1EFC80D900AD5225 /* rainyshiny */ = {
			isa = PBXNativeTarget;
			buildConfigurationList = DABF60451EFC80D900AD5225 /* Build configuration list for PBXNativeTarget "rainyshiny" */;
			buildPhases = (
				DABF60191EFC80D900AD5225 /* Sources */,
				DABF601A1EFC80D900AD5225 /* Frameworks */,
				DABF601B1EFC80D900AD5225 /* Resources */,
			);
			buildRules = (
			);
			dependencies = (
			);
			name = rainyshiny;
			productName = rainyshiny;
			productReference = DABF601D1EFC80D900AD5225 /* rainyshiny.app */;
			productType = "com.apple.product-type.application";
		};
		DABF60301EFC80D900AD5225 /* rainyshinyTests */ = {
			isa = PBXNativeTarget;
			buildConfigurationList = DABF60481EFC80D900AD5225 /* Build configuration list for PBXNativeTarget "rainyshinyTests" */;
			buildPhases = (
				DABF602D1EFC80D900AD5225 /* Sources */,
				DABF602E1EFC80D900AD5225 /* Frameworks */,
				DABF602F1EFC80D900AD5225 /* Resources */,
			);
			buildRules = (
			);
			dependencies = (
				DABF60331EFC80D900AD5225 /* PBXTargetDependency */,
			);
			name = rainyshinyTests;
			productName = rainyshinyTests;
			productReference = DABF60311EFC80D900AD5225 /* rainyshinyTests.xctest */;
			productType = "com.apple.product-type.bundle.unit-test";
		};
		DABF603B1EFC80D900AD5225 /* rainyshinyUITests */ = {
			isa = PBXNativeTarget;
			buildConfigurationList = DABF604B1EFC80D900AD5225 /* Build configuration list for PBXNativeTarget "rainyshinyUITests" */;
			buildPhases = (
				DABF60381EFC80D900AD5225 /* Sources */,
				DABF60391EFC80D900AD5225 /* Frameworks */,
				DABF603A1EFC80D900AD5225 /* Resources */,
			);
			buildRules = (
			);
			dependencies = (
				DABF603E1EFC80D900AD5225 /* PBXTargetDependency */,
			);
			name = rainyshinyUITests;
			productName = rainyshinyUITests;
			productReference = DABF603C1EFC80D900AD5225 /* rainyshinyUITests.xctest */;
			productType = "com.apple.product-type.bundle.ui-testing";
		};
/* End PBXNativeTarget section */

/* Begin PBXProject section */
		DABF60151EFC80D900AD5225 /* Project object */ = {
			isa = PBXProject;
			attributes = {
				LastSwiftUpdateCheck = 0830;
				LastUpgradeCheck = 0830;
				ORGANIZATIONNAME = "Paul Lathrop";
				TargetAttributes = {
					DABF601C1EFC80D900AD5225 = {
						CreatedOnToolsVersion = 8.3.3;
						ProvisioningStyle = Automatic;
					};
					DABF60301EFC80D900AD5225 = {
						CreatedOnToolsVersion = 8.3.3;
						ProvisioningStyle = Automatic;
						TestTargetID = DABF601C1EFC80D900AD5225;
					};
					DABF603B1EFC80D900AD5225 = {
						CreatedOnToolsVersion = 8.3.3;
						ProvisioningStyle = Automatic;
						TestTargetID = DABF601C1EFC80D900AD5225;
					};
				};
			};
			buildConfigurationList = DABF60181EFC80D900AD5225 /* Build configuration list for PBXProject "rainyshiny" */;
			compatibilityVersion = "Xcode 3.2";
			developmentRegion = English;
			hasScannedForEncodings = 0;
			knownRegions = (
				en,
				Base,
			);
			mainGroup = DABF60141EFC80D900AD5225;
			productRefGroup = DABF601E1EFC80D900AD5225 /* Products */;
			projectDirPath = "";
			projectRoot = "";
			targets = (
				DABF601C1EFC80D900AD5225 /* rainyshiny */,
				DABF60301EFC80D900AD5225 /* rainyshinyTests */,
				DABF603B1EFC80D900AD5225 /* rainyshinyUITests */,
			);
		};
/* End PBXProject section */

/* Begin PBXResourcesBuildPhase section */
		DABF601B1EFC80D900AD5225 /* Resources */ = {
			isa = PBXResourcesBuildPhase;
			buildActionMask = 2147483647;
			files = (
				DABF602B1EFC80D900AD5225 /* LaunchScreen.storyboard in Resources */,
				DABF60281EFC80D900AD5225 /* Assets.xcassets in Resources */,
				DABF60261EFC80D900AD5225 /* Main.storyboard in Resources */,
			);
			runOnlyForDeploymentPostprocessing = 0;
		};
		DABF602F1EFC80D900AD5225 /* Resources */ = {
			isa = PBXResourcesBuildPhase;
			buildActionMask = 2147483647;
			files = (
			);
			runOnlyForDeploymentPostprocessing = 0;
		};
		DABF603A1EFC80D900AD5225 /* Resources */ = {
			isa = PBXResourcesBuildPhase;
			buildActionMask = 2147483647;
			files = (
			);
			runOnlyForDeploymentPostprocessing = 0;
		};
/* End PBXResourcesBuildPhase section */

/* Begin PBXSourcesBuildPhase section */
		DABF60191EFC80D900AD5225 /* Sources */ = {
			isa = PBXSourcesBuildPhase;
			buildActionMask = 2147483647;
			files = (
				DABF60231EFC80D900AD5225 /* ViewController.swift in Sources */,
				DABF60211EFC80D900AD5225 /* AppDelegate.swift in Sources */,
			);
			runOnlyForDeploymentPostprocessing = 0;
		};
		DABF602D1EFC80D900AD5225 /* Sources */ = {
			isa = PBXSourcesBuildPhase;
			buildActionMask = 2147483647;
			files = (
				DABF60361EFC80D900AD5225 /* rainyshinyTests.swift in Sources */,
			);
			runOnlyForDeploymentPostprocessing = 0;
		};
		DABF60381EFC80D900AD5225 /* Sources */ = {
			isa = PBXSourcesBuildPhase;
			buildActionMask = 2147483647;
			files = (
				DABF60411EFC80D900AD5225 /* rainyshinyUITests.swift in Sources */,
			);
			runOnlyForDeploymentPostprocessing = 0;
		};
/* End PBXSourcesBuildPhase section */

/* Begin PBXTargetDependency section */
		DABF60331EFC80D900AD5225 /* PBXTargetDependency */ = {
			isa = PBXTargetDependency;
			target = DABF601C1EFC80D900AD5225 /* rainyshiny */;
			targetProxy = DABF60321EFC80D900AD5225 /* PBXContainerItemProxy */;
		};
		DABF603E1EFC80D900AD5225 /* PBXTargetDependency */ = {
			isa = PBXTargetDependency;
			target = DABF601C1EFC80D900AD5225 /* rainyshiny */;
			targetProxy = DABF603D1EFC80D900AD5225 /* PBXContainerItemProxy */;
		};
/* End PBXTargetDependency section */

/* Begin PBXVariantGroup section */
		DABF60241EFC80D900AD5225 /* Main.storyboard */ = {
			isa = PBXVariantGroup;
			children = (
				DABF60251EFC80D900AD5225 /* Base */,
			);
			name = Main.storyboard;
			sourceTree = "<group>";
		};
		DABF60291EFC80D900AD5225 /* LaunchScreen.storyboard */ = {
			isa = PBXVariantGroup;
			children = (
				DABF602A1EFC80D900AD5225 /* Base */,
			);
			name = LaunchScreen.storyboard;
			sourceTree = "<group>";
		};
/* End PBXVariantGroup section */

/* Begin XCBuildConfiguration section */
		DABF60431EFC80D900AD5225 /* Debug */ = {
			isa = XCBuildConfiguration;
			buildSettings = {
				ALWAYS_SEARCH_USER_PATHS = NO;
				CLANG_ANALYZER_NONNULL = YES;
				CLANG_ANALYZER_NUMBER_OBJECT_CONVERSION = YES_AGGRESSIVE;
				CLANG_CXX_LANGUAGE_STANDARD = "gnu++0x";
				CLANG_CXX_LIBRARY = "libc++";
				CLANG_ENABLE_MODULES = YES;
				CLANG_ENABLE_OBJC_ARC = YES;
				CLANG_WARN_BOOL_CONVERSION = YES;
				CLANG_WARN_CONSTANT_CONVERSION = YES;
				CLANG_WARN_DIRECT_OBJC_ISA_USAGE = YES_ERROR;
				CLANG_WARN_DOCUMENTATION_COMMENTS = YES;
				CLANG_WARN_EMPTY_BODY = YES;
				CLANG_WARN_ENUM_CONVERSION = YES;
				CLANG_WARN_INFINITE_RECURSION = YES;
				CLANG_WARN_INT_CONVERSION = YES;
				CLANG_WARN_OBJC_ROOT_CLASS = YES_ERROR;
				CLANG_WARN_SUSPICIOUS_MOVE = YES;
				CLANG_WARN_UNREACHABLE_CODE = YES;
				CLANG_WARN__DUPLICATE_METHOD_MATCH = YES;
				"CODE_SIGN_IDENTITY[sdk=iphoneos*]" = "iPhone Developer";
				COPY_PHASE_STRIP = NO;
				DEBUG_INFORMATION_FORMAT = dwarf;
				ENABLE_STRICT_OBJC_MSGSEND = YES;
				ENABLE_TESTABILITY = YES;
				GCC_C_LANGUAGE_STANDARD = gnu99;
				GCC_DYNAMIC_NO_PIC = NO;
				GCC_NO_COMMON_BLOCKS = YES;
				GCC_OPTIMIZATION_LEVEL = 0;
				GCC_PREPROCESSOR_DEFINITIONS = (
					"DEBUG=1",
					"$(inherited)",
				);
				GCC_WARN_64_TO_32_BIT_CONVERSION = YES;
				GCC_WARN_ABOUT_RETURN_TYPE = YES_ERROR;
				GCC_WARN_UNDECLARED_SELECTOR = YES;
				GCC_WARN_UNINITIALIZED_AUTOS = YES_AGGRESSIVE;
				GCC_WARN_UNUSED_FUNCTION = YES;
				GCC_WARN_UNUSED_VARIABLE = YES;
				IPHONEOS_DEPLOYMENT_TARGET = 10.3;
				MTL_ENABLE_DEBUG_INFO = YES;
				ONLY_ACTIVE_ARCH = YES;
				SDKROOT = iphoneos;
				SWIFT_ACTIVE_COMPILATION_CONDITIONS = DEBUG;
				SWIFT_OPTIMIZATION_LEVEL = "-Onone";
				TARGETED_DEVICE_FAMILY = "1,2";
			};
			name = Debug;
		};
		DABF60441EFC80D900AD5225 /* Release */ = {
			isa = XCBuildConfiguration;
			buildSettings = {
				ALWAYS_SEARCH_USER_PATHS = NO;
				CLANG_ANALYZER_NONNULL = YES;
				CLANG_ANALYZER_NUMBER_OBJECT_CONVERSION = YES_AGGRESSIVE;
				CLANG_CXX_LANGUAGE_STANDARD = "gnu++0x";
				CLANG_CXX_LIBRARY = "libc++";
				CLANG_ENABLE_MODULES = YES;
				CLANG_ENABLE_OBJC_ARC = YES;
				CLANG_WARN_BOOL_CONVERSION = YES;
				CLANG_WARN_CONSTANT_CONVERSION = YES;
				CLANG_WARN_DIRECT_OBJC_ISA_USAGE = YES_ERROR;
				CLANG_WARN_DOCUMENTATION_COMMENTS = YES;
				CLANG_WARN_EMPTY_BODY = YES;
				CLANG_WARN_ENUM_CONVERSION = YES;
				CLANG_WARN_INFINITE_RECURSION = YES;
				CLANG_WARN_INT_CONVERSION = YES;
				CLANG_WARN_OBJC_ROOT_CLASS = YES_ERROR;
				CLANG_WARN_SUSPICIOUS_MOVE = YES;
				CLANG_WARN_UNREACHABLE_CODE = YES;
				CLANG_WARN__DUPLICATE_METHOD_MATCH = YES;
				"CODE_SIGN_IDENTITY[sdk=iphoneos*]" = "iPhone Developer";
				COPY_PHASE_STRIP = NO;
				DEBUG_INFORMATION_FORMAT = "dwarf-with-dsym";
				ENABLE_NS_ASSERTIONS = NO;
				ENABLE_STRICT_OBJC_MSGSEND = YES;
				GCC_C_LANGUAGE_STANDARD = gnu99;
				GCC_NO_COMMON_BLOCKS = YES;
				GCC_WARN_64_TO_32_BIT_CONVERSION = YES;
				GCC_WARN_ABOUT_RETURN_TYPE = YES_ERROR;
				GCC_WARN_UNDECLARED_SELECTOR = YES;
				GCC_WARN_UNINITIALIZED_AUTOS = YES_AGGRESSIVE;
				GCC_WARN_UNUSED_FUNCTION = YES;
				GCC_WARN_UNUSED_VARIABLE = YES;
				IPHONEOS_DEPLOYMENT_TARGET = 10.3;
				MTL_ENABLE_DEBUG_INFO = NO;
				SDKROOT = iphoneos;
				SWIFT_OPTIMIZATION_LEVEL = "-Owholemodule";
				TARGETED_DEVICE_FAMILY = "1,2";
				VALIDATE_PRODUCT = YES;
			};
			name = Release;
		};
		DABF60461EFC80D900AD5225 /* Debug */ = {
			isa = XCBuildConfiguration;
			buildSettings = {
				ASSETCATALOG_COMPILER_APPICON_NAME = AppIcon;
				INFOPLIST_FILE = rainyshiny/Info.plist;
				LD_RUNPATH_SEARCH_PATHS = "$(inherited) @executable_path/Frameworks";
				PRODUCT_BUNDLE_IDENTIFIER = com.pcl.rainyshiny;
				PRODUCT_NAME = "$(TARGET_NAME)";
				SWIFT_VERSION = 3.0;
			};
			name = Debug;
		};
		DABF60471EFC80D900AD5225 /* Release */ = {
			isa = XCBuildConfiguration;
			buildSettings = {
				ASSETCATALOG_COMPILER_APPICON_NAME = AppIcon;
				INFOPLIST_FILE = rainyshiny/Info.plist;
				LD_RUNPATH_SEARCH_PATHS = "$(inherited) @executable_path/Frameworks";
				PRODUCT_BUNDLE_IDENTIFIER = com.pcl.rainyshiny;
				PRODUCT_NAME = "$(TARGET_NAME)";
				SWIFT_VERSION = 3.0;
			};
			name = Release;
		};
		DABF60491EFC80D900AD5225 /* Debug */ = {
			isa = XCBuildConfiguration;
			buildSettings = {
				ALWAYS_EMBED_SWIFT_STANDARD_LIBRARIES = YES;
				BUNDLE_LOADER = "$(TEST_HOST)";
				INFOPLIST_FILE = rainyshinyTests/Info.plist;
				LD_RUNPATH_SEARCH_PATHS = "$(inherited) @executable_path/Frameworks @loader_path/Frameworks";
				PRODUCT_BUNDLE_IDENTIFIER = com.pcl.rainyshinyTests;
				PRODUCT_NAME = "$(TARGET_NAME)";
				SWIFT_VERSION = 3.0;
				TEST_HOST = "$(BUILT_PRODUCTS_DIR)/rainyshiny.app/rainyshiny";
			};
			name = Debug;
		};
		DABF604A1EFC80D900AD5225 /* Release */ = {
			isa = XCBuildConfiguration;
			buildSettings = {
				ALWAYS_EMBED_SWIFT_STANDARD_LIBRARIES = YES;
				BUNDLE_LOADER = "$(TEST_HOST)";
				INFOPLIST_FILE = rainyshinyTests/Info.plist;
				LD_RUNPATH_SEARCH_PATHS = "$(inherited) @executable_path/Frameworks @loader_path/Frameworks";
				PRODUCT_BUNDLE_IDENTIFIER = com.pcl.rainyshinyTests;
				PRODUCT_NAME = "$(TARGET_NAME)";
				SWIFT_VERSION = 3.0;
				TEST_HOST = "$(BUILT_PRODUCTS_DIR)/rainyshiny.app/rainyshiny";
			};
			name = Release;
		};
		DABF604C1EFC80D900AD5225 /* Debug */ = {
			isa = XCBuildConfiguration;
			buildSettings = {
				ALWAYS_EMBED_SWIFT_STANDARD_LIBRARIES = YES;
				INFOPLIST_FILE = rainyshinyUITests/Info.plist;
				LD_RUNPATH_SEARCH_PATHS = "$(inherited) @executable_path/Frameworks @loader_path/Frameworks";
				PRODUCT_BUNDLE_IDENTIFIER = com.pcl.rainyshinyUITests;
				PRODUCT_NAME = "$(TARGET_NAME)";
				SWIFT_VERSION = 3.0;
				TEST_TARGET_NAME = rainyshiny;
			};
			name = Debug;
		};
		DABF604D1EFC80D900AD5225 /* Release */ = {
			isa = XCBuildConfiguration;
			buildSettings = {
				ALWAYS_EMBED_SWIFT_STANDARD_LIBRARIES = YES;
				INFOPLIST_FILE = rainyshinyUITests/Info.plist;
				LD_RUNPATH_SEARCH_PATHS = "$(inherited) @executable_path/Frameworks @loader_path/Frameworks";
				PRODUCT_BUNDLE_IDENTIFIER = com.pcl.rainyshinyUITests;
				PRODUCT_NAME = "$(TARGET_NAME)";
				SWIFT_VERSION = 3.0;
				TEST_TARGET_NAME = rainyshiny;
			};
			name = Release;
		};
/* End XCBuildConfiguration section */

/* Begin XCConfigurationList section */
		DABF60181EFC80D900AD5225 /* Build configuration list for PBXProject "rainyshiny" */ = {
			isa = XCConfigurationList;
			buildConfigurations = (
				DABF60431EFC80D900AD5225 /* Debug */,
				DABF60441EFC80D900AD5225 /* Release */,
			);
			defaultConfigurationIsVisible = 0;
			defaultConfigurationName = Release;
		};
		DABF60451EFC80D900AD5225 /* Build configuration list for PBXNativeTarget "rainyshiny" */ = {
			isa = XCConfigurationList;
			buildConfigurations = (
				DABF60461EFC80D900AD5225 /* Debug */,
				DABF60471EFC80D900AD5225 /* Release */,
			);
			defaultConfigurationIsVisible = 0;
		};
		DABF60481EFC80D900AD5225 /* Build configuration list for PBXNativeTarget "rainyshinyTests" */ = {
			isa = XCConfigurationList;
			buildConfigurations = (
				DABF60491EFC80D900AD5225 /* Debug */,
				DABF604A1EFC80D900AD5225 /* Release */,
			);
			defaultConfigurationIsVisible = 0;
		};
		DABF604B1EFC80D900AD5225 /* Build configuration list for PBXNativeTarget "rainyshinyUITests" */ = {
			isa = XCConfigurationList;
			buildConfigurations = (
				DABF604C1EFC80D900AD5225 /* Debug */,
				DABF604D1EFC80D900AD5225 /* Release */,
			);
			defaultConfigurationIsVisible = 0;
		};
/* End XCConfigurationList section */
	};
	rootObject = DABF60151EFC80D900AD5225 /* Project object */;
}
